
Microsoft Visual Studio Solution File, Format Version 12.00
# Visual Studio Version 17
VisualStudioVersion = 17.9.34616.47
MinimumVisualStudioVersion = 10.0.40219.1
Project("{9A19103F-16F7-4668-BE54-9A1E7A4F7556}") = "MediportaZadanieRekrutacyjne", "MediportaZadanieRekrutacyjne\MediportaZadanieRekrutacyjne.csproj", "{16E08135-C4FB-4403-B826-9FC1475B38C7}"
EndProject
Project("{FAE04EC0-301F-11D3-BF4B-00C04F79EFBC}") = "ZadanieTestoweTesty", "ZadanieTestoweTesty\ZadanieTestoweTesty.csproj", "{BE5B8D5B-1623-4E7A-B77D-5C5BE12A3526}"
EndProject
Global
	GlobalSection(SolutionConfigurationPlatforms) = preSolution
		Debug|Any CPU = Debug|Any CPU
		Release|Any CPU = Release|Any CPU
	EndGlobalSection
	GlobalSection(ProjectConfigurationPlatforms) = postSolution
		{16E08135-C4FB-4403-B826-9FC1475B38C7}.Debug|Any CPU.ActiveCfg = Debug|Any CPU
		{16E08135-C4FB-4403-B826-9FC1475B38C7}.Debug|Any CPU.Build.0 = Debug|Any CPU
		{16E08135-C4FB-4403-B826-9FC1475B38C7}.Release|Any CPU.ActiveCfg = Release|Any CPU
		{16E08135-C4FB-4403-B826-9FC1475B38C7}.Release|Any CPU.Build.0 = Release|Any CPU
		{BE5B8D5B-1623-4E7A-B77D-5C5BE12A3526}.Debug|Any CPU.ActiveCfg = Debug|Any CPU
		{BE5B8D5B-1623-4E7A-B77D-5C5BE12A3526}.Debug|Any CPU.Build.0 = Debug|Any CPU
		{BE5B8D5B-1623-4E7A-B77D-5C5BE12A3526}.Release|Any CPU.ActiveCfg = Release|Any CPU
		{BE5B8D5B-1623-4E7A-B77D-5C5BE12A3526}.Release|Any CPU.Build.0 = Release|Any CPU
	EndGlobalSection
	GlobalSection(SolutionProperties) = preSolution
		HideSolutionNode = FALSE
	EndGlobalSection
	GlobalSection(ExtensibilityGlobals) = postSolution
		SolutionGuid = {CFDA2720-A6CA-4B7C-8542-D94A7F2BB185}
	EndGlobalSection
EndGlobal
